
Microsoft Visual Studio Solution File, Format Version 12.00
# Visual Studio Version 17
VisualStudioVersion = 17.2.32616.157
MinimumVisualStudioVersion = 10.0.40219.1
Project("{FAE04EC0-301F-11D3-BF4B-00C04F79EFBC}") = "SistemaParaVendaDeIngressos", "SistemaParaVendaDeIngressos\SistemaParaVendaDeIngressos.csproj", "{1A60A2EC-8FF5-4CA4-8785-F962E1B429BF}"
EndProject
Global
	GlobalSection(SolutionConfigurationPlatforms) = preSolution
		Debug|Any CPU = Debug|Any CPU
		Release|Any CPU = Release|Any CPU
	EndGlobalSection
	GlobalSection(ProjectConfigurationPlatforms) = postSolution
		{1A60A2EC-8FF5-4CA4-8785-F962E1B429BF}.Debug|Any CPU.ActiveCfg = Debug|Any CPU
		{1A60A2EC-8FF5-4CA4-8785-F962E1B429BF}.Debug|Any CPU.Build.0 = Debug|Any CPU
		{1A60A2EC-8FF5-4CA4-8785-F962E1B429BF}.Release|Any CPU.ActiveCfg = Release|Any CPU
		{1A60A2EC-8FF5-4CA4-8785-F962E1B429BF}.Release|Any CPU.Build.0 = Release|Any CPU
	EndGlobalSection
	GlobalSection(SolutionProperties) = preSolution
		HideSolutionNode = FALSE
	EndGlobalSection
	GlobalSection(ExtensibilityGlobals) = postSolution
		SolutionGuid = {35415B27-9FC2-4800-950F-27E1CB1F9689}
	EndGlobalSection
EndGlobal
